
Microsoft Visual Studio Solution File, Format Version 12.00
# Visual Studio Version 17
VisualStudioVersion = 17.14.36310.24 d17.14
MinimumVisualStudioVersion = 10.0.40219.1
Project("{F184B08F-C81C-45F6-A57F-5ABD9991F28F}") = "convert toVB. NET", "convert toVB. NET.vbproj", "{702A3439-220D-4D0B-BAB8-F26A88407491}"
EndProject
Global
	GlobalSection(SolutionConfigurationPlatforms) = preSolution
		Debug|Any CPU = Debug|Any CPU
		Release|Any CPU = Release|Any CPU
	EndGlobalSection
	GlobalSection(ProjectConfigurationPlatforms) = postSolution
		{702A3439-220D-4D0B-BAB8-F26A88407491}.Debug|Any CPU.ActiveCfg = Debug|Any CPU
		{702A3439-220D-4D0B-BAB8-F26A88407491}.Debug|Any CPU.Build.0 = Debug|Any CPU
		{702A3439-220D-4D0B-BAB8-F26A88407491}.Release|Any CPU.ActiveCfg = Release|Any CPU
		{702A3439-220D-4D0B-BAB8-F26A88407491}.Release|Any CPU.Build.0 = Release|Any CPU
	EndGlobalSection
	GlobalSection(SolutionProperties) = preSolution
		HideSolutionNode = FALSE
	EndGlobalSection
	GlobalSection(ExtensibilityGlobals) = postSolution
		SolutionGuid = {FBA17E60-B388-4C75-A655-4C275BBF0B07}
	EndGlobalSection
EndGlobal
